
Microsoft Visual Studio Solution File, Format Version 12.00
# Visual Studio Version 16
VisualStudioVersion = 16.0.30804.86
MinimumVisualStudioVersion = 10.0.40219.1
Project("{FAE04EC0-301F-11D3-BF4B-00C04F79EFBC}") = "WebAPI", "WebAPI\WebAPI.csproj", "{4DB87A0E-C08B-4E8A-8126-D55465A21363}"
EndProject
Global
	GlobalSection(SolutionConfigurationPlatforms) = preSolution
		Debug|Any CPU = Debug|Any CPU
		Release|Any CPU = Release|Any CPU
	EndGlobalSection
	GlobalSection(ProjectConfigurationPlatforms) = postSolution
		{4DB87A0E-C08B-4E8A-8126-D55465A21363}.Debug|Any CPU.ActiveCfg = Debug|Any CPU
		{4DB87A0E-C08B-4E8A-8126-D55465A21363}.Debug|Any CPU.Build.0 = Debug|Any CPU
		{4DB87A0E-C08B-4E8A-8126-D55465A21363}.Release|Any CPU.ActiveCfg = Release|Any CPU
		{4DB87A0E-C08B-4E8A-8126-D55465A21363}.Release|Any CPU.Build.0 = Release|Any CPU
	EndGlobalSection
	GlobalSection(SolutionProperties) = preSolution
		HideSolutionNode = FALSE
	EndGlobalSection
	GlobalSection(ExtensibilityGlobals) = postSolution
		SolutionGuid = {D84ECD06-17FC-4820-995C-D2E4E80F2626}
	EndGlobalSection
EndGlobal
